
Microsoft Visual Studio Solution File, Format Version 12.00
# Visual Studio for Mac
Project("{FAE04EC0-301F-11D3-BF4B-00C04F79EFBC}") = "Assembly-CSharp", "Assembly-CSharp.csproj", "{9ADEEA1C-58CC-BD56-EEF2-5C6FB8C9692C}"
EndProject
Global
	GlobalSection(SolutionConfigurationPlatforms) = preSolution
		Debug|Any CPU = Debug|Any CPU
		Release|Any CPU = Release|Any CPU
	EndGlobalSection
	GlobalSection(ProjectConfigurationPlatforms) = postSolution
		{9ADEEA1C-58CC-BD56-EEF2-5C6FB8C9692C}.Debug|Any CPU.ActiveCfg = Debug|Any CPU
		{9ADEEA1C-58CC-BD56-EEF2-5C6FB8C9692C}.Debug|Any CPU.Build.0 = Debug|Any CPU
		{9ADEEA1C-58CC-BD56-EEF2-5C6FB8C9692C}.Release|Any CPU.ActiveCfg = Release|Any CPU
		{9ADEEA1C-58CC-BD56-EEF2-5C6FB8C9692C}.Release|Any CPU.Build.0 = Release|Any CPU
	EndGlobalSection
	GlobalSection(SolutionProperties) = preSolution
		HideSolutionNode = FALSE
	EndGlobalSection
EndGlobal
